// !$*UTF8*$!
{
	archiveVersion = 1;
	classes = {
	};
	objectVersion = 77;
	objects = {

/* Begin PBXContainerItemProxy section */
		A2F123E92CBFFA66001CFF1D /* PBXContainerItemProxy */ = {
			isa = PBXContainerItemProxy;
			containerPortal = A2F123D02CBFFA63001CFF1D /* Project object */;
			proxyType = 1;
			remoteGlobalIDString = A2F123D72CBFFA63001CFF1D;
			remoteInfo = TextToSpeech;
		};
		A2F123F32CBFFA66001CFF1D /* PBXContainerItemProxy */ = {
			isa = PBXContainerItemProxy;
			containerPortal = A2F123D02CBFFA63001CFF1D /* Project object */;
			proxyType = 1;
			remoteGlobalIDString = A2F123D72CBFFA63001CFF1D;
			remoteInfo = TextToSpeech;
		};
/* End PBXContainerItemProxy section */

/* Begin PBXFileReference section */
		A2F123D82CBFFA63001CFF1D /* TextToSpeech.app */ = {isa = PBXFileReference; explicitFileType = wrapper.application; includeInIndex = 0; path = TextToSpeech.app; sourceTree = BUILT_PRODUCTS_DIR; };
		A2F123E82CBFFA66001CFF1D /* TextToSpeechTests.xctest */ = {isa = PBXFileReference; explicitFileType = wrapper.cfbundle; includeInIndex = 0; path = TextToSpeechTests.xctest; sourceTree = BUILT_PRODUCTS_DIR; };
		A2F123F22CBFFA66001CFF1D /* TextToSpeechUITests.xctest */ = {isa = PBXFileReference; explicitFileType = wrapper.cfbundle; includeInIndex = 0; path = TextToSpeechUITests.xctest; sourceTree = BUILT_PRODUCTS_DIR; };
/* End PBXFileReference section */

/* Begin PBXFileSystemSynchronizedBuildFileExceptionSet section */
		A2F124152CC0338C001CFF1D /* Exceptions for "TextToSpeech" folder in "TextToSpeech" target */ = {
			isa = PBXFileSystemSynchronizedBuildFileExceptionSet;
			membershipExceptions = (
				"Resources/en-strings.stencil",
				Resources/l21strings.stencil,
			);
			target = A2F123D72CBFFA63001CFF1D /* TextToSpeech */;
		};
/* End PBXFileSystemSynchronizedBuildFileExceptionSet section */

/* Begin PBXFileSystemSynchronizedGroupBuildPhaseMembershipExceptionSet section */
		A2F124162CC0338C001CFF1D /* Exceptions for "TextToSpeech" folder in "Compile Sources" phase from "TextToSpeech" target */ = {
			isa = PBXFileSystemSynchronizedGroupBuildPhaseMembershipExceptionSet;
			buildPhase = A2F123D42CBFFA63001CFF1D /* Sources */;
			membershipExceptions = (
				"Resources/en-strings.stencil",
				Resources/l21strings.stencil,
			);
		};
/* End PBXFileSystemSynchronizedGroupBuildPhaseMembershipExceptionSet section */

/* Begin PBXFileSystemSynchronizedRootGroup section */
		A2F123DA2CBFFA63001CFF1D /* TextToSpeech */ = {
			isa = PBXFileSystemSynchronizedRootGroup;
			exceptions = (
				A2F124152CC0338C001CFF1D /* Exceptions for "TextToSpeech" folder in "TextToSpeech" target */,
				A2F124162CC0338C001CFF1D /* Exceptions for "TextToSpeech" folder in "Compile Sources" phase from "TextToSpeech" target */,
			);
			path = TextToSpeech;
			sourceTree = "<group>";
		};
		A2F123EB2CBFFA66001CFF1D /* TextToSpeechTests */ = {
			isa = PBXFileSystemSynchronizedRootGroup;
			path = TextToSpeechTests;
			sourceTree = "<group>";
		};
		A2F123F52CBFFA66001CFF1D /* TextToSpeechUITests */ = {
			isa = PBXFileSystemSynchronizedRootGroup;
			path = TextToSpeechUITests;
			sourceTree = "<group>";
		};
/* End PBXFileSystemSynchronizedRootGroup section */

/* Begin PBXFrameworksBuildPhase section */
		A2F123D52CBFFA63001CFF1D /* Frameworks */ = {
			isa = PBXFrameworksBuildPhase;
			buildActionMask = 2147483647;
			files = (
			);
			runOnlyForDeploymentPostprocessing = 0;
		};
		A2F123E52CBFFA66001CFF1D /* Frameworks */ = {
			isa = PBXFrameworksBuildPhase;
			buildActionMask = 2147483647;
			files = (
			);
			runOnlyForDeploymentPostprocessing = 0;
		};
		A2F123EF2CBFFA66001CFF1D /* Frameworks */ = {
			isa = PBXFrameworksBuildPhase;
			buildActionMask = 2147483647;
			files = (
			);
			runOnlyForDeploymentPostprocessing = 0;
		};
/* End PBXFrameworksBuildPhase section */

/* Begin PBXGroup section */
		A2F123CF2CBFFA63001CFF1D = {
			isa = PBXGroup;
			children = (
				A2F123DA2CBFFA63001CFF1D /* TextToSpeech */,
				A2F123EB2CBFFA66001CFF1D /* TextToSpeechTests */,
				A2F123F52CBFFA66001CFF1D /* TextToSpeechUITests */,
				A2F123D92CBFFA63001CFF1D /* Products */,
			);
			sourceTree = "<group>";
		};
		A2F123D92CBFFA63001CFF1D /* Products */ = {
			isa = PBXGroup;
			children = (
				A2F123D82CBFFA63001CFF1D /* TextToSpeech.app */,
				A2F123E82CBFFA66001CFF1D /* TextToSpeechTests.xctest */,
				A2F123F22CBFFA66001CFF1D /* TextToSpeechUITests.xctest */,
			);
			name = Products;
			sourceTree = "<group>";
		};
/* End PBXGroup section */

/* Begin PBXNativeTarget section */
		A2F123D72CBFFA63001CFF1D /* TextToSpeech */ = {
			isa = PBXNativeTarget;
			buildConfigurationList = A2F123FC2CBFFA67001CFF1D /* Build configuration list for PBXNativeTarget "TextToSpeech" */;
			buildPhases = (
				A2F123D42CBFFA63001CFF1D /* Sources */,
				A2F123D52CBFFA63001CFF1D /* Frameworks */,
				A2F123D62CBFFA63001CFF1D /* Resources */,
			);
			buildRules = (
			);
			dependencies = (
			);
			fileSystemSynchronizedGroups = (
				A2F123DA2CBFFA63001CFF1D /* TextToSpeech */,
			);
			name = TextToSpeech;
			packageProductDependencies = (
			);
			productName = TextToSpeech;
			productReference = A2F123D82CBFFA63001CFF1D /* TextToSpeech.app */;
			productType = "com.apple.product-type.application";
		};
		A2F123E72CBFFA66001CFF1D /* TextToSpeechTests */ = {
			isa = PBXNativeTarget;
			buildConfigurationList = A2F123FF2CBFFA67001CFF1D /* Build configuration list for PBXNativeTarget "TextToSpeechTests" */;
			buildPhases = (
				A2F123E42CBFFA66001CFF1D /* Sources */,
				A2F123E52CBFFA66001CFF1D /* Frameworks */,
				A2F123E62CBFFA66001CFF1D /* Resources */,
			);
			buildRules = (
			);
			dependencies = (
				A2F123EA2CBFFA66001CFF1D /* PBXTargetDependency */,
			);
			fileSystemSynchronizedGroups = (
				A2F123EB2CBFFA66001CFF1D /* TextToSpeechTests */,
			);
			name = TextToSpeechTests;
			packageProductDependencies = (
			);
			productName = TextToSpeechTests;
			productReference = A2F123E82CBFFA66001CFF1D /* TextToSpeechTests.xctest */;
			productType = "com.apple.product-type.bundle.unit-test";
		};
		A2F123F12CBFFA66001CFF1D /* TextToSpeechUITests */ = {
			isa = PBXNativeTarget;
			buildConfigurationList = A2F124022CBFFA67001CFF1D /* Build configuration list for PBXNativeTarget "TextToSpeechUITests" */;
			buildPhases = (
				A2F123EE2CBFFA66001CFF1D /* Sources */,
				A2F123EF2CBFFA66001CFF1D /* Frameworks */,
				A2F123F02CBFFA66001CFF1D /* Resources */,
			);
			buildRules = (
			);
			dependencies = (
				A2F123F42CBFFA66001CFF1D /* PBXTargetDependency */,
			);
			fileSystemSynchronizedGroups = (
				A2F123F52CBFFA66001CFF1D /* TextToSpeechUITests */,
			);
			name = TextToSpeechUITests;
			packageProductDependencies = (
			);
			productName = TextToSpeechUITests;
			productReference = A2F123F22CBFFA66001CFF1D /* TextToSpeechUITests.xctest */;
			productType = "com.apple.product-type.bundle.ui-testing";
		};
/* End PBXNativeTarget section */

/* Begin PBXProject section */
		A2F123D02CBFFA63001CFF1D /* Project object */ = {
			isa = PBXProject;
			attributes = {
				BuildIndependentTargetsInParallel = 1;
				LastSwiftUpdateCheck = 1600;
				LastUpgradeCheck = 1600;
				TargetAttributes = {
					A2F123D72CBFFA63001CFF1D = {
						CreatedOnToolsVersion = 16.0;
					};
					A2F123E72CBFFA66001CFF1D = {
						CreatedOnToolsVersion = 16.0;
						TestTargetID = A2F123D72CBFFA63001CFF1D;
					};
					A2F123F12CBFFA66001CFF1D = {
						CreatedOnToolsVersion = 16.0;
						TestTargetID = A2F123D72CBFFA63001CFF1D;
					};
				};
			};
			buildConfigurationList = A2F123D32CBFFA63001CFF1D /* Build configuration list for PBXProject "TextToSpeech" */;
			developmentRegion = en;
			hasScannedForEncodings = 0;
			knownRegions = (
				en,
				Base,
				es,
			);
			mainGroup = A2F123CF2CBFFA63001CFF1D;
			minimizedProjectReferenceProxies = 1;
			preferredProjectObjectVersion = 77;
			productRefGroup = A2F123D92CBFFA63001CFF1D /* Products */;
			projectDirPath = "";
			projectRoot = "";
			targets = (
				A2F123D72CBFFA63001CFF1D /* TextToSpeech */,
				A2F123E72CBFFA66001CFF1D /* TextToSpeechTests */,
				A2F123F12CBFFA66001CFF1D /* TextToSpeechUITests */,
			);
		};
/* End PBXProject section */

/* Begin PBXResourcesBuildPhase section */
		A2F123D62CBFFA63001CFF1D /* Resources */ = {
			isa = PBXResourcesBuildPhase;
			buildActionMask = 2147483647;
			files = (
			);
			runOnlyForDeploymentPostprocessing = 0;
		};
		A2F123E62CBFFA66001CFF1D /* Resources */ = {
			isa = PBXResourcesBuildPhase;
			buildActionMask = 2147483647;
			files = (
			);
			runOnlyForDeploymentPostprocessing = 0;
		};
		A2F123F02CBFFA66001CFF1D /* Resources */ = {
			isa = PBXResourcesBuildPhase;
			buildActionMask = 2147483647;
			files = (
			);
			runOnlyForDeploymentPostprocessing = 0;
		};
/* End PBXResourcesBuildPhase section */

/* Begin PBXSourcesBuildPhase section */
		A2F123D42CBFFA63001CFF1D /* Sources */ = {
			isa = PBXSourcesBuildPhase;
			buildActionMask = 2147483647;
			files = (
			);
			runOnlyForDeploymentPostprocessing = 0;
		};
		A2F123E42CBFFA66001CFF1D /* Sources */ = {
			isa = PBXSourcesBuildPhase;
			buildActionMask = 2147483647;
			files = (
			);
			runOnlyForDeploymentPostprocessing = 0;
		};
		A2F123EE2CBFFA66001CFF1D /* Sources */ = {
			isa = PBXSourcesBuildPhase;
			buildActionMask = 2147483647;
			files = (
			);
			runOnlyForDeploymentPostprocessing = 0;
		};
/* End PBXSourcesBuildPhase section */

/* Begin PBXTargetDependency section */
		A2F123EA2CBFFA66001CFF1D /* PBXTargetDependency */ = {
			isa = PBXTargetDependency;
			target = A2F123D72CBFFA63001CFF1D /* TextToSpeech */;
			targetProxy = A2F123E92CBFFA66001CFF1D /* PBXContainerItemProxy */;
		};
		A2F123F42CBFFA66001CFF1D /* PBXTargetDependency */ = {
			isa = PBXTargetDependency;
			target = A2F123D72CBFFA63001CFF1D /* TextToSpeech */;
			targetProxy = A2F123F32CBFFA66001CFF1D /* PBXContainerItemProxy */;
		};
/* End PBXTargetDependency section */

/* Begin XCBuildConfiguration section */
		A2F123FA2CBFFA67001CFF1D /* Debug */ = {
			isa = XCBuildConfiguration;
			buildSettings = {
				ALWAYS_SEARCH_USER_PATHS = NO;
				ASSETCATALOG_COMPILER_GENERATE_SWIFT_ASSET_SYMBOL_EXTENSIONS = YES;
				CLANG_ANALYZER_NONNULL = YES;
				CLANG_ANALYZER_NUMBER_OBJECT_CONVERSION = YES_AGGRESSIVE;
				CLANG_CXX_LANGUAGE_STANDARD = "gnu++20";
				CLANG_ENABLE_MODULES = YES;
				CLANG_ENABLE_OBJC_ARC = YES;
				CLANG_ENABLE_OBJC_WEAK = YES;
				CLANG_WARN_BLOCK_CAPTURE_AUTORELEASING = YES;
				CLANG_WARN_BOOL_CONVERSION = YES;
				CLANG_WARN_COMMA = YES;
				CLANG_WARN_CONSTANT_CONVERSION = YES;
				CLANG_WARN_DEPRECATED_OBJC_IMPLEMENTATIONS = YES;
				CLANG_WARN_DIRECT_OBJC_ISA_USAGE = YES_ERROR;
				CLANG_WARN_DOCUMENTATION_COMMENTS = YES;
				CLANG_WARN_EMPTY_BODY = YES;
				CLANG_WARN_ENUM_CONVERSION = YES;
				CLANG_WARN_INFINITE_RECURSION = YES;
				CLANG_WARN_INT_CONVERSION = YES;
				CLANG_WARN_NON_LITERAL_NULL_CONVERSION = YES;
				CLANG_WARN_OBJC_IMPLICIT_RETAIN_SELF = YES;
				CLANG_WARN_OBJC_LITERAL_CONVERSION = YES;
				CLANG_WARN_OBJC_ROOT_CLASS = YES_ERROR;
				CLANG_WARN_QUOTED_INCLUDE_IN_FRAMEWORK_HEADER = YES;
				CLANG_WARN_RANGE_LOOP_ANALYSIS = YES;
				CLANG_WARN_STRICT_PROTOTYPES = YES;
				CLANG_WARN_SUSPICIOUS_MOVE = YES;
				CLANG_WARN_UNGUARDED_AVAILABILITY = YES_AGGRESSIVE;
				CLANG_WARN_UNREACHABLE_CODE = YES;
				CLANG_WARN__DUPLICATE_METHOD_MATCH = YES;
				COPY_PHASE_STRIP = NO;
				DEBUG_INFORMATION_FORMAT = dwarf;
				ENABLE_STRICT_OBJC_MSGSEND = YES;
				ENABLE_TESTABILITY = YES;
				ENABLE_USER_SCRIPT_SANDBOXING = YES;
				GCC_C_LANGUAGE_STANDARD = gnu17;
				GCC_DYNAMIC_NO_PIC = NO;
				GCC_NO_COMMON_BLOCKS = YES;
				GCC_OPTIMIZATION_LEVEL = 0;
				GCC_PREPROCESSOR_DEFINITIONS = (
					"DEBUG=1",
					"$(inherited)",
				);
				GCC_WARN_64_TO_32_BIT_CONVERSION = YES;
				GCC_WARN_ABOUT_RETURN_TYPE = YES_ERROR;
				GCC_WARN_UNDECLARED_SELECTOR = YES;
				GCC_WARN_UNINITIALIZED_AUTOS = YES_AGGRESSIVE;
				GCC_WARN_UNUSED_FUNCTION = YES;
				GCC_WARN_UNUSED_VARIABLE = YES;
				IPHONEOS_DEPLOYMENT_TARGET = 18.0;
				LOCALIZATION_PREFERS_STRING_CATALOGS = YES;
				MTL_ENABLE_DEBUG_INFO = INCLUDE_SOURCE;
				MTL_FAST_MATH = YES;
				ONLY_ACTIVE_ARCH = YES;
				SDKROOT = iphoneos;
				SWIFT_ACTIVE_COMPILATION_CONDITIONS = "DEBUG $(inherited)";
				SWIFT_EMIT_LOC_STRINGS = YES;
				SWIFT_OPTIMIZATION_LEVEL = "-Onone";
			};
			name = Debug;
		};
		A2F123FB2CBFFA67001CFF1D /* Release */ = {
			isa = XCBuildConfiguration;
			buildSettings = {
				ALWAYS_SEARCH_USER_PATHS = NO;
				ASSETCATALOG_COMPILER_GENERATE_SWIFT_ASSET_SYMBOL_EXTENSIONS = YES;
				CLANG_ANALYZER_NONNULL = YES;
				CLANG_ANALYZER_NUMBER_OBJECT_CONVERSION = YES_AGGRESSIVE;
				CLANG_CXX_LANGUAGE_STANDARD = "gnu++20";
				CLANG_ENABLE_MODULES = YES;
				CLANG_ENABLE_OBJC_ARC = YES;
				CLANG_ENABLE_OBJC_WEAK = YES;
				CLANG_WARN_BLOCK_CAPTURE_AUTORELEASING = YES;
				CLANG_WARN_BOOL_CONVERSION = YES;
				CLANG_WARN_COMMA = YES;
				CLANG_WARN_CONSTANT_CONVERSION = YES;
				CLANG_WARN_DEPRECATED_OBJC_IMPLEMENTATIONS = YES;
				CLANG_WARN_DIRECT_OBJC_ISA_USAGE = YES_ERROR;
				CLANG_WARN_DOCUMENTATION_COMMENTS = YES;
				CLANG_WARN_EMPTY_BODY = YES;
				CLANG_WARN_ENUM_CONVERSION = YES;
				CLANG_WARN_INFINITE_RECURSION = YES;
				CLANG_WARN_INT_CONVERSION = YES;
				CLANG_WARN_NON_LITERAL_NULL_CONVERSION = YES;
				CLANG_WARN_OBJC_IMPLICIT_RETAIN_SELF = YES;
				CLANG_WARN_OBJC_LITERAL_CONVERSION = YES;
				CLANG_WARN_OBJC_ROOT_CLASS = YES_ERROR;
				CLANG_WARN_QUOTED_INCLUDE_IN_FRAMEWORK_HEADER = YES;
				CLANG_WARN_RANGE_LOOP_ANALYSIS = YES;
				CLANG_WARN_STRICT_PROTOTYPES = YES;
				CLANG_WARN_SUSPICIOUS_MOVE = YES;
				CLANG_WARN_UNGUARDED_AVAILABILITY = YES_AGGRESSIVE;
				CLANG_WARN_UNREACHABLE_CODE = YES;
				CLANG_WARN__DUPLICATE_METHOD_MATCH = YES;
				COPY_PHASE_STRIP = NO;
				DEBUG_INFORMATION_FORMAT = "dwarf-with-dsym";
				ENABLE_NS_ASSERTIONS = NO;
				ENABLE_STRICT_OBJC_MSGSEND = YES;
				ENABLE_USER_SCRIPT_SANDBOXING = YES;
				GCC_C_LANGUAGE_STANDARD = gnu17;
				GCC_NO_COMMON_BLOCKS = YES;
				GCC_WARN_64_TO_32_BIT_CONVERSION = YES;
				GCC_WARN_ABOUT_RETURN_TYPE = YES_ERROR;
				GCC_WARN_UNDECLARED_SELECTOR = YES;
				GCC_WARN_UNINITIALIZED_AUTOS = YES_AGGRESSIVE;
				GCC_WARN_UNUSED_FUNCTION = YES;
				GCC_WARN_UNUSED_VARIABLE = YES;
				IPHONEOS_DEPLOYMENT_TARGET = 18.0;
				LOCALIZATION_PREFERS_STRING_CATALOGS = YES;
				MTL_ENABLE_DEBUG_INFO = NO;
				MTL_FAST_MATH = YES;
				SDKROOT = iphoneos;
				SWIFT_COMPILATION_MODE = wholemodule;
				SWIFT_EMIT_LOC_STRINGS = YES;
				VALIDATE_PRODUCT = YES;
			};
			name = Release;
		};
		A2F123FD2CBFFA67001CFF1D /* Debug */ = {
			isa = XCBuildConfiguration;
			buildSettings = {
				ASSETCATALOG_COMPILER_APPICON_NAME = AppIcon;
				ASSETCATALOG_COMPILER_GLOBAL_ACCENT_COLOR_NAME = AccentColor;
				CODE_SIGN_STYLE = Automatic;
				CURRENT_PROJECT_VERSION = 1;
				DEVELOPMENT_ASSET_PATHS = "\"TextToSpeech/Preview Content\"";
				DEVELOPMENT_TEAM = A5T33ABXDL;
				ENABLE_PREVIEWS = YES;
				GENERATE_INFOPLIST_FILE = YES;
				INFOPLIST_KEY_UIApplicationSceneManifest_Generation = YES;
				INFOPLIST_KEY_UIApplicationSupportsIndirectInputEvents = YES;
				INFOPLIST_KEY_UILaunchScreen_Generation = YES;
				INFOPLIST_KEY_UISupportedInterfaceOrientations_iPad = "UIInterfaceOrientationPortrait UIInterfaceOrientationPortraitUpsideDown UIInterfaceOrientationLandscapeLeft UIInterfaceOrientationLandscapeRight";
				INFOPLIST_KEY_UISupportedInterfaceOrientations_iPhone = "UIInterfaceOrientationPortrait UIInterfaceOrientationLandscapeLeft UIInterfaceOrientationLandscapeRight";
				LD_RUNPATH_SEARCH_PATHS = (
					"$(inherited)",
					"@executable_path/Frameworks",
				);
				MARKETING_VERSION = 1.0;
				PRODUCT_BUNDLE_IDENTIFIER = com.sukhaman.TextToSpeech;
				PRODUCT_NAME = "$(TARGET_NAME)";
				SWIFT_EMIT_LOC_STRINGS = YES;
				SWIFT_VERSION = 5.0;
				TARGETED_DEVICE_FAMILY = "1,2";
			};
			name = Debug;
		};
		A2F123FE2CBFFA67001CFF1D /* Release */ = {
			isa = XCBuildConfiguration;
			buildSettings = {
				ASSETCATALOG_COMPILER_APPICON_NAME = AppIcon;
				ASSETCATALOG_COMPILER_GLOBAL_ACCENT_COLOR_NAME = AccentColor;
				CODE_SIGN_STYLE = Automatic;
				CURRENT_PROJECT_VERSION = 1;
				DEVELOPMENT_ASSET_PATHS = "\"TextToSpeech/Preview Content\"";
				DEVELOPMENT_TEAM = A5T33ABXDL;
				ENABLE_PREVIEWS = YES;
				GENERATE_INFOPLIST_FILE = YES;
				INFOPLIST_KEY_UIApplicationSceneManifest_Generation = YES;
				INFOPLIST_KEY_UIApplicationSupportsIndirectInputEvents = YES;
				INFOPLIST_KEY_UILaunchScreen_Generation = YES;
				INFOPLIST_KEY_UISupportedInterfaceOrientations_iPad = "UIInterfaceOrientationPortrait UIInterfaceOrientationPortraitUpsideDown UIInterfaceOrientationLandscapeLeft UIInterfaceOrientationLandscapeRight";
				INFOPLIST_KEY_UISupportedInterfaceOrientations_iPhone = "UIInterfaceOrientationPortrait UIInterfaceOrientationLandscapeLeft UIInterfaceOrientationLandscapeRight";
				LD_RUNPATH_SEARCH_PATHS = (
					"$(inherited)",
					"@executable_path/Frameworks",
				);
				MARKETING_VERSION = 1.0;
				PRODUCT_BUNDLE_IDENTIFIER = com.sukhaman.TextToSpeech;
				PRODUCT_NAME = "$(TARGET_NAME)";
				SWIFT_EMIT_LOC_STRINGS = YES;
				SWIFT_VERSION = 5.0;
				TARGETED_DEVICE_FAMILY = "1,2";
			};
			name = Release;
		};
		A2F124002CBFFA67001CFF1D /* Debug */ = {
			isa = XCBuildConfiguration;
			buildSettings = {
				BUNDLE_LOADER = "$(TEST_HOST)";
				CODE_SIGN_STYLE = Automatic;
				CURRENT_PROJECT_VERSION = 1;
				DEVELOPMENT_TEAM = A5T33ABXDL;
				GENERATE_INFOPLIST_FILE = YES;
				IPHONEOS_DEPLOYMENT_TARGET = 18.0;
				MARKETING_VERSION = 1.0;
				PRODUCT_BUNDLE_IDENTIFIER = com.sukhaman.TextToSpeechTests;
				PRODUCT_NAME = "$(TARGET_NAME)";
				SWIFT_EMIT_LOC_STRINGS = NO;
				SWIFT_VERSION = 5.0;
				TARGETED_DEVICE_FAMILY = "1,2";
				TEST_HOST = "$(BUILT_PRODUCTS_DIR)/TextToSpeech.app/$(BUNDLE_EXECUTABLE_FOLDER_PATH)/TextToSpeech";
			};
			name = Debug;
		};
		A2F124012CBFFA67001CFF1D /* Release */ = {
			isa = XCBuildConfiguration;
			buildSettings = {
				BUNDLE_LOADER = "$(TEST_HOST)";
				CODE_SIGN_STYLE = Automatic;
				CURRENT_PROJECT_VERSION = 1;
				DEVELOPMENT_TEAM = A5T33ABXDL;
				GENERATE_INFOPLIST_FILE = YES;
				IPHONEOS_DEPLOYMENT_TARGET = 18.0;
				MARKETING_VERSION = 1.0;
				PRODUCT_BUNDLE_IDENTIFIER = com.sukhaman.TextToSpeechTests;
				PRODUCT_NAME = "$(TARGET_NAME)";
				SWIFT_EMIT_LOC_STRINGS = NO;
				SWIFT_VERSION = 5.0;
				TARGETED_DEVICE_FAMILY = "1,2";
				TEST_HOST = "$(BUILT_PRODUCTS_DIR)/TextToSpeech.app/$(BUNDLE_EXECUTABLE_FOLDER_PATH)/TextToSpeech";
			};
			name = Release;
		};
		A2F124032CBFFA67001CFF1D /* Debug */ = {
			isa = XCBuildConfiguration;
			buildSettings = {
				CODE_SIGN_STYLE = Automatic;
				CURRENT_PROJECT_VERSION = 1;
				DEVELOPMENT_TEAM = A5T33ABXDL;
				GENERATE_INFOPLIST_FILE = YES;
				MARKETING_VERSION = 1.0;
				PRODUCT_BUNDLE_IDENTIFIER = com.sukhaman.TextToSpeechUITests;
				PRODUCT_NAME = "$(TARGET_NAME)";
				SWIFT_EMIT_LOC_STRINGS = NO;
				SWIFT_VERSION = 5.0;
				TARGETED_DEVICE_FAMILY = "1,2";
				TEST_TARGET_NAME = TextToSpeech;
			};
			name = Debug;
		};
		A2F124042CBFFA67001CFF1D /* Release */ = {
			isa = XCBuildConfiguration;
			buildSettings = {
				CODE_SIGN_STYLE = Automatic;
				CURRENT_PROJECT_VERSION = 1;
				DEVELOPMENT_TEAM = A5T33ABXDL;
				GENERATE_INFOPLIST_FILE = YES;
				MARKETING_VERSION = 1.0;
				PRODUCT_BUNDLE_IDENTIFIER = com.sukhaman.TextToSpeechUITests;
				PRODUCT_NAME = "$(TARGET_NAME)";
				SWIFT_EMIT_LOC_STRINGS = NO;
				SWIFT_VERSION = 5.0;
				TARGETED_DEVICE_FAMILY = "1,2";
				TEST_TARGET_NAME = TextToSpeech;
			};
			name = Release;
		};
/* End XCBuildConfiguration section */

/* Begin XCConfigurationList section */
		A2F123D32CBFFA63001CFF1D /* Build configuration list for PBXProject "TextToSpeech" */ = {
			isa = XCConfigurationList;
			buildConfigurations = (
				A2F123FA2CBFFA67001CFF1D /* Debug */,
				A2F123FB2CBFFA67001CFF1D /* Release */,
			);
			defaultConfigurationIsVisible = 0;
			defaultConfigurationName = Release;
		};
		A2F123FC2CBFFA67001CFF1D /* Build configuration list for PBXNativeTarget "TextToSpeech" */ = {
			isa = XCConfigurationList;
			buildConfigurations = (
				A2F123FD2CBFFA67001CFF1D /* Debug */,
				A2F123FE2CBFFA67001CFF1D /* Release */,
			);
			defaultConfigurationIsVisible = 0;
			defaultConfigurationName = Release;
		};
		A2F123FF2CBFFA67001CFF1D /* Build configuration list for PBXNativeTarget "TextToSpeechTests" */ = {
			isa = XCConfigurationList;
			buildConfigurations = (
				A2F124002CBFFA67001CFF1D /* Debug */,
				A2F124012CBFFA67001CFF1D /* Release */,
			);
			defaultConfigurationIsVisible = 0;
			defaultConfigurationName = Release;
		};
		A2F124022CBFFA67001CFF1D /* Build configuration list for PBXNativeTarget "TextToSpeechUITests" */ = {
			isa = XCConfigurationList;
			buildConfigurations = (
				A2F124032CBFFA67001CFF1D /* Debug */,
				A2F124042CBFFA67001CFF1D /* Release */,
			);
			defaultConfigurationIsVisible = 0;
			defaultConfigurationName = Release;
		};
/* End XCConfigurationList section */
	};
	rootObject = A2F123D02CBFFA63001CFF1D /* Project object */;
}
