// !$*UTF8*$!
{
	archiveVersion = 1;
	classes = {
	};
	objectVersion = 77;
	objects = {

/* Begin PBXContainerItemProxy section */
		A2CF2F2E2CC1831B00912E43 /* PBXContainerItemProxy */ = {
			isa = PBXContainerItemProxy;
			containerPortal = A2CF2F152CC1831700912E43 /* Project object */;
			proxyType = 1;
			remoteGlobalIDString = A2CF2F1C2CC1831700912E43;
			remoteInfo = SwiftUIAnimation;
		};
		A2CF2F382CC1831B00912E43 /* PBXContainerItemProxy */ = {
			isa = PBXContainerItemProxy;
			containerPortal = A2CF2F152CC1831700912E43 /* Project object */;
			proxyType = 1;
			remoteGlobalIDString = A2CF2F1C2CC1831700912E43;
			remoteInfo = SwiftUIAnimation;
		};
/* End PBXContainerItemProxy section */

/* Begin PBXFileReference section */
		A2CF2F1D2CC1831700912E43 /* SwiftUIAnimation.app */ = {isa = PBXFileReference; explicitFileType = wrapper.application; includeInIndex = 0; path = SwiftUIAnimation.app; sourceTree = BUILT_PRODUCTS_DIR; };
		A2CF2F2D2CC1831B00912E43 /* SwiftUIAnimationTests.xctest */ = {isa = PBXFileReference; explicitFileType = wrapper.cfbundle; includeInIndex = 0; path = SwiftUIAnimationTests.xctest; sourceTree = BUILT_PRODUCTS_DIR; };
		A2CF2F372CC1831B00912E43 /* SwiftUIAnimationUITests.xctest */ = {isa = PBXFileReference; explicitFileType = wrapper.cfbundle; includeInIndex = 0; path = SwiftUIAnimationUITests.xctest; sourceTree = BUILT_PRODUCTS_DIR; };
/* End PBXFileReference section */

/* Begin PBXFileSystemSynchronizedRootGroup section */
		A2CF2F1F2CC1831700912E43 /* SwiftUIAnimation */ = {
			isa = PBXFileSystemSynchronizedRootGroup;
			path = SwiftUIAnimation;
			sourceTree = "<group>";
		};
		A2CF2F302CC1831B00912E43 /* SwiftUIAnimationTests */ = {
			isa = PBXFileSystemSynchronizedRootGroup;
			path = SwiftUIAnimationTests;
			sourceTree = "<group>";
		};
		A2CF2F3A2CC1831B00912E43 /* SwiftUIAnimationUITests */ = {
			isa = PBXFileSystemSynchronizedRootGroup;
			path = SwiftUIAnimationUITests;
			sourceTree = "<group>";
		};
/* End PBXFileSystemSynchronizedRootGroup section */

/* Begin PBXFrameworksBuildPhase section */
		A2CF2F1A2CC1831700912E43 /* Frameworks */ = {
			isa = PBXFrameworksBuildPhase;
			buildActionMask = 2147483647;
			files = (
			);
			runOnlyForDeploymentPostprocessing = 0;
		};
		A2CF2F2A2CC1831B00912E43 /* Frameworks */ = {
			isa = PBXFrameworksBuildPhase;
			buildActionMask = 2147483647;
			files = (
			);
			runOnlyForDeploymentPostprocessing = 0;
		};
		A2CF2F342CC1831B00912E43 /* Frameworks */ = {
			isa = PBXFrameworksBuildPhase;
			buildActionMask = 2147483647;
			files = (
			);
			runOnlyForDeploymentPostprocessing = 0;
		};
/* End PBXFrameworksBuildPhase section */

/* Begin PBXGroup section */
		A2CF2F142CC1831700912E43 = {
			isa = PBXGroup;
			children = (
				A2CF2F1F2CC1831700912E43 /* SwiftUIAnimation */,
				A2CF2F302CC1831B00912E43 /* SwiftUIAnimationTests */,
				A2CF2F3A2CC1831B00912E43 /* SwiftUIAnimationUITests */,
				A2CF2F1E2CC1831700912E43 /* Products */,
			);
			sourceTree = "<group>";
		};
		A2CF2F1E2CC1831700912E43 /* Products */ = {
			isa = PBXGroup;
			children = (
				A2CF2F1D2CC1831700912E43 /* SwiftUIAnimation.app */,
				A2CF2F2D2CC1831B00912E43 /* SwiftUIAnimationTests.xctest */,
				A2CF2F372CC1831B00912E43 /* SwiftUIAnimationUITests.xctest */,
			);
			name = Products;
			sourceTree = "<group>";
		};
/* End PBXGroup section */

/* Begin PBXNativeTarget section */
		A2CF2F1C2CC1831700912E43 /* SwiftUIAnimation */ = {
			isa = PBXNativeTarget;
			buildConfigurationList = A2CF2F412CC1831B00912E43 /* Build configuration list for PBXNativeTarget "SwiftUIAnimation" */;
			buildPhases = (
				A2CF2F192CC1831700912E43 /* Sources */,
				A2CF2F1A2CC1831700912E43 /* Frameworks */,
				A2CF2F1B2CC1831700912E43 /* Resources */,
			);
			buildRules = (
			);
			dependencies = (
			);
			fileSystemSynchronizedGroups = (
				A2CF2F1F2CC1831700912E43 /* SwiftUIAnimation */,
			);
			name = SwiftUIAnimation;
			packageProductDependencies = (
			);
			productName = SwiftUIAnimation;
			productReference = A2CF2F1D2CC1831700912E43 /* SwiftUIAnimation.app */;
			productType = "com.apple.product-type.application";
		};
		A2CF2F2C2CC1831B00912E43 /* SwiftUIAnimationTests */ = {
			isa = PBXNativeTarget;
			buildConfigurationList = A2CF2F442CC1831B00912E43 /* Build configuration list for PBXNativeTarget "SwiftUIAnimationTests" */;
			buildPhases = (
				A2CF2F292CC1831B00912E43 /* Sources */,
				A2CF2F2A2CC1831B00912E43 /* Frameworks */,
				A2CF2F2B2CC1831B00912E43 /* Resources */,
			);
			buildRules = (
			);
			dependencies = (
				A2CF2F2F2CC1831B00912E43 /* PBXTargetDependency */,
			);
			fileSystemSynchronizedGroups = (
				A2CF2F302CC1831B00912E43 /* SwiftUIAnimationTests */,
			);
			name = SwiftUIAnimationTests;
			packageProductDependencies = (
			);
			productName = SwiftUIAnimationTests;
			productReference = A2CF2F2D2CC1831B00912E43 /* SwiftUIAnimationTests.xctest */;
			productType = "com.apple.product-type.bundle.unit-test";
		};
		A2CF2F362CC1831B00912E43 /* SwiftUIAnimationUITests */ = {
			isa = PBXNativeTarget;
			buildConfigurationList = A2CF2F472CC1831B00912E43 /* Build configuration list for PBXNativeTarget "SwiftUIAnimationUITests" */;
			buildPhases = (
				A2CF2F332CC1831B00912E43 /* Sources */,
				A2CF2F342CC1831B00912E43 /* Frameworks */,
				A2CF2F352CC1831B00912E43 /* Resources */,
			);
			buildRules = (
			);
			dependencies = (
				A2CF2F392CC1831B00912E43 /* PBXTargetDependency */,
			);
			fileSystemSynchronizedGroups = (
				A2CF2F3A2CC1831B00912E43 /* SwiftUIAnimationUITests */,
			);
			name = SwiftUIAnimationUITests;
			packageProductDependencies = (
			);
			productName = SwiftUIAnimationUITests;
			productReference = A2CF2F372CC1831B00912E43 /* SwiftUIAnimationUITests.xctest */;
			productType = "com.apple.product-type.bundle.ui-testing";
		};
/* End PBXNativeTarget section */

/* Begin PBXProject section */
		A2CF2F152CC1831700912E43 /* Project object */ = {
			isa = PBXProject;
			attributes = {
				BuildIndependentTargetsInParallel = 1;
				LastSwiftUpdateCheck = 1600;
				LastUpgradeCheck = 1600;
				TargetAttributes = {
					A2CF2F1C2CC1831700912E43 = {
						CreatedOnToolsVersion = 16.0;
					};
					A2CF2F2C2CC1831B00912E43 = {
						CreatedOnToolsVersion = 16.0;
						TestTargetID = A2CF2F1C2CC1831700912E43;
					};
					A2CF2F362CC1831B00912E43 = {
						CreatedOnToolsVersion = 16.0;
						TestTargetID = A2CF2F1C2CC1831700912E43;
					};
				};
			};
			buildConfigurationList = A2CF2F182CC1831700912E43 /* Build configuration list for PBXProject "SwiftUIAnimation" */;
			developmentRegion = en;
			hasScannedForEncodings = 0;
			knownRegions = (
				en,
				Base,
			);
			mainGroup = A2CF2F142CC1831700912E43;
			minimizedProjectReferenceProxies = 1;
			preferredProjectObjectVersion = 77;
			productRefGroup = A2CF2F1E2CC1831700912E43 /* Products */;
			projectDirPath = "";
			projectRoot = "";
			targets = (
				A2CF2F1C2CC1831700912E43 /* SwiftUIAnimation */,
				A2CF2F2C2CC1831B00912E43 /* SwiftUIAnimationTests */,
				A2CF2F362CC1831B00912E43 /* SwiftUIAnimationUITests */,
			);
		};
/* End PBXProject section */

/* Begin PBXResourcesBuildPhase section */
		A2CF2F1B2CC1831700912E43 /* Resources */ = {
			isa = PBXResourcesBuildPhase;
			buildActionMask = 2147483647;
			files = (
			);
			runOnlyForDeploymentPostprocessing = 0;
		};
		A2CF2F2B2CC1831B00912E43 /* Resources */ = {
			isa = PBXResourcesBuildPhase;
			buildActionMask = 2147483647;
			files = (
			);
			runOnlyForDeploymentPostprocessing = 0;
		};
		A2CF2F352CC1831B00912E43 /* Resources */ = {
			isa = PBXResourcesBuildPhase;
			buildActionMask = 2147483647;
			files = (
			);
			runOnlyForDeploymentPostprocessing = 0;
		};
/* End PBXResourcesBuildPhase section */

/* Begin PBXSourcesBuildPhase section */
		A2CF2F192CC1831700912E43 /* Sources */ = {
			isa = PBXSourcesBuildPhase;
			buildActionMask = 2147483647;
			files = (
			);
			runOnlyForDeploymentPostprocessing = 0;
		};
		A2CF2F292CC1831B00912E43 /* Sources */ = {
			isa = PBXSourcesBuildPhase;
			buildActionMask = 2147483647;
			files = (
			);
			runOnlyForDeploymentPostprocessing = 0;
		};
		A2CF2F332CC1831B00912E43 /* Sources */ = {
			isa = PBXSourcesBuildPhase;
			buildActionMask = 2147483647;
			files = (
			);
			runOnlyForDeploymentPostprocessing = 0;
		};
/* End PBXSourcesBuildPhase section */

/* Begin PBXTargetDependency section */
		A2CF2F2F2CC1831B00912E43 /* PBXTargetDependency */ = {
			isa = PBXTargetDependency;
			target = A2CF2F1C2CC1831700912E43 /* SwiftUIAnimation */;
			targetProxy = A2CF2F2E2CC1831B00912E43 /* PBXContainerItemProxy */;
		};
		A2CF2F392CC1831B00912E43 /* PBXTargetDependency */ = {
			isa = PBXTargetDependency;
			target = A2CF2F1C2CC1831700912E43 /* SwiftUIAnimation */;
			targetProxy = A2CF2F382CC1831B00912E43 /* PBXContainerItemProxy */;
		};
/* End PBXTargetDependency section */

/* Begin XCBuildConfiguration section */
		A2CF2F3F2CC1831B00912E43 /* Debug */ = {
			isa = XCBuildConfiguration;
			buildSettings = {
				ALWAYS_SEARCH_USER_PATHS = NO;
				ASSETCATALOG_COMPILER_GENERATE_SWIFT_ASSET_SYMBOL_EXTENSIONS = YES;
				CLANG_ANALYZER_NONNULL = YES;
				CLANG_ANALYZER_NUMBER_OBJECT_CONVERSION = YES_AGGRESSIVE;
				CLANG_CXX_LANGUAGE_STANDARD = "gnu++20";
				CLANG_ENABLE_MODULES = YES;
				CLANG_ENABLE_OBJC_ARC = YES;
				CLANG_ENABLE_OBJC_WEAK = YES;
				CLANG_WARN_BLOCK_CAPTURE_AUTORELEASING = YES;
				CLANG_WARN_BOOL_CONVERSION = YES;
				CLANG_WARN_COMMA = YES;
				CLANG_WARN_CONSTANT_CONVERSION = YES;
				CLANG_WARN_DEPRECATED_OBJC_IMPLEMENTATIONS = YES;
				CLANG_WARN_DIRECT_OBJC_ISA_USAGE = YES_ERROR;
				CLANG_WARN_DOCUMENTATION_COMMENTS = YES;
				CLANG_WARN_EMPTY_BODY = YES;
				CLANG_WARN_ENUM_CONVERSION = YES;
				CLANG_WARN_INFINITE_RECURSION = YES;
				CLANG_WARN_INT_CONVERSION = YES;
				CLANG_WARN_NON_LITERAL_NULL_CONVERSION = YES;
				CLANG_WARN_OBJC_IMPLICIT_RETAIN_SELF = YES;
				CLANG_WARN_OBJC_LITERAL_CONVERSION = YES;
				CLANG_WARN_OBJC_ROOT_CLASS = YES_ERROR;
				CLANG_WARN_QUOTED_INCLUDE_IN_FRAMEWORK_HEADER = YES;
				CLANG_WARN_RANGE_LOOP_ANALYSIS = YES;
				CLANG_WARN_STRICT_PROTOTYPES = YES;
				CLANG_WARN_SUSPICIOUS_MOVE = YES;
				CLANG_WARN_UNGUARDED_AVAILABILITY = YES_AGGRESSIVE;
				CLANG_WARN_UNREACHABLE_CODE = YES;
				CLANG_WARN__DUPLICATE_METHOD_MATCH = YES;
				COPY_PHASE_STRIP = NO;
				DEBUG_INFORMATION_FORMAT = dwarf;
				ENABLE_STRICT_OBJC_MSGSEND = YES;
				ENABLE_TESTABILITY = YES;
				ENABLE_USER_SCRIPT_SANDBOXING = YES;
				GCC_C_LANGUAGE_STANDARD = gnu17;
				GCC_DYNAMIC_NO_PIC = NO;
				GCC_NO_COMMON_BLOCKS = YES;
				GCC_OPTIMIZATION_LEVEL = 0;
				GCC_PREPROCESSOR_DEFINITIONS = (
					"DEBUG=1",
					"$(inherited)",
				);
				GCC_WARN_64_TO_32_BIT_CONVERSION = YES;
				GCC_WARN_ABOUT_RETURN_TYPE = YES_ERROR;
				GCC_WARN_UNDECLARED_SELECTOR = YES;
				GCC_WARN_UNINITIALIZED_AUTOS = YES_AGGRESSIVE;
				GCC_WARN_UNUSED_FUNCTION = YES;
				GCC_WARN_UNUSED_VARIABLE = YES;
				IPHONEOS_DEPLOYMENT_TARGET = 18.0;
				LOCALIZATION_PREFERS_STRING_CATALOGS = YES;
				MTL_ENABLE_DEBUG_INFO = INCLUDE_SOURCE;
				MTL_FAST_MATH = YES;
				ONLY_ACTIVE_ARCH = YES;
				SDKROOT = iphoneos;
				SWIFT_ACTIVE_COMPILATION_CONDITIONS = "DEBUG $(inherited)";
				SWIFT_OPTIMIZATION_LEVEL = "-Onone";
			};
			name = Debug;
		};
		A2CF2F402CC1831B00912E43 /* Release */ = {
			isa = XCBuildConfiguration;
			buildSettings = {
				ALWAYS_SEARCH_USER_PATHS = NO;
				ASSETCATALOG_COMPILER_GENERATE_SWIFT_ASSET_SYMBOL_EXTENSIONS = YES;
				CLANG_ANALYZER_NONNULL = YES;
				CLANG_ANALYZER_NUMBER_OBJECT_CONVERSION = YES_AGGRESSIVE;
				CLANG_CXX_LANGUAGE_STANDARD = "gnu++20";
				CLANG_ENABLE_MODULES = YES;
				CLANG_ENABLE_OBJC_ARC = YES;
				CLANG_ENABLE_OBJC_WEAK = YES;
				CLANG_WARN_BLOCK_CAPTURE_AUTORELEASING = YES;
				CLANG_WARN_BOOL_CONVERSION = YES;
				CLANG_WARN_COMMA = YES;
				CLANG_WARN_CONSTANT_CONVERSION = YES;
				CLANG_WARN_DEPRECATED_OBJC_IMPLEMENTATIONS = YES;
				CLANG_WARN_DIRECT_OBJC_ISA_USAGE = YES_ERROR;
				CLANG_WARN_DOCUMENTATION_COMMENTS = YES;
				CLANG_WARN_EMPTY_BODY = YES;
				CLANG_WARN_ENUM_CONVERSION = YES;
				CLANG_WARN_INFINITE_RECURSION = YES;
				CLANG_WARN_INT_CONVERSION = YES;
				CLANG_WARN_NON_LITERAL_NULL_CONVERSION = YES;
				CLANG_WARN_OBJC_IMPLICIT_RETAIN_SELF = YES;
				CLANG_WARN_OBJC_LITERAL_CONVERSION = YES;
				CLANG_WARN_OBJC_ROOT_CLASS = YES_ERROR;
				CLANG_WARN_QUOTED_INCLUDE_IN_FRAMEWORK_HEADER = YES;
				CLANG_WARN_RANGE_LOOP_ANALYSIS = YES;
				CLANG_WARN_STRICT_PROTOTYPES = YES;
				CLANG_WARN_SUSPICIOUS_MOVE = YES;
				CLANG_WARN_UNGUARDED_AVAILABILITY = YES_AGGRESSIVE;
				CLANG_WARN_UNREACHABLE_CODE = YES;
				CLANG_WARN__DUPLICATE_METHOD_MATCH = YES;
				COPY_PHASE_STRIP = NO;
				DEBUG_INFORMATION_FORMAT = "dwarf-with-dsym";
				ENABLE_NS_ASSERTIONS = NO;
				ENABLE_STRICT_OBJC_MSGSEND = YES;
				ENABLE_USER_SCRIPT_SANDBOXING = YES;
				GCC_C_LANGUAGE_STANDARD = gnu17;
				GCC_NO_COMMON_BLOCKS = YES;
				GCC_WARN_64_TO_32_BIT_CONVERSION = YES;
				GCC_WARN_ABOUT_RETURN_TYPE = YES_ERROR;
				GCC_WARN_UNDECLARED_SELECTOR = YES;
				GCC_WARN_UNINITIALIZED_AUTOS = YES_AGGRESSIVE;
				GCC_WARN_UNUSED_FUNCTION = YES;
				GCC_WARN_UNUSED_VARIABLE = YES;
				IPHONEOS_DEPLOYMENT_TARGET = 18.0;
				LOCALIZATION_PREFERS_STRING_CATALOGS = YES;
				MTL_ENABLE_DEBUG_INFO = NO;
				MTL_FAST_MATH = YES;
				SDKROOT = iphoneos;
				SWIFT_COMPILATION_MODE = wholemodule;
				VALIDATE_PRODUCT = YES;
			};
			name = Release;
		};
		A2CF2F422CC1831B00912E43 /* Debug */ = {
			isa = XCBuildConfiguration;
			buildSettings = {
				ASSETCATALOG_COMPILER_APPICON_NAME = AppIcon;
				ASSETCATALOG_COMPILER_GLOBAL_ACCENT_COLOR_NAME = AccentColor;
				CODE_SIGN_STYLE = Automatic;
				CURRENT_PROJECT_VERSION = 1;
				DEVELOPMENT_ASSET_PATHS = "\"SwiftUIAnimation/Preview Content\"";
				DEVELOPMENT_TEAM = A5T33ABXDL;
				ENABLE_PREVIEWS = YES;
				GENERATE_INFOPLIST_FILE = YES;
				INFOPLIST_KEY_UIApplicationSceneManifest_Generation = YES;
				INFOPLIST_KEY_UIApplicationSupportsIndirectInputEvents = YES;
				INFOPLIST_KEY_UILaunchScreen_Generation = YES;
				INFOPLIST_KEY_UISupportedInterfaceOrientations_iPad = "UIInterfaceOrientationPortrait UIInterfaceOrientationPortraitUpsideDown UIInterfaceOrientationLandscapeLeft UIInterfaceOrientationLandscapeRight";
				INFOPLIST_KEY_UISupportedInterfaceOrientations_iPhone = "UIInterfaceOrientationPortrait UIInterfaceOrientationLandscapeLeft UIInterfaceOrientationLandscapeRight";
				LD_RUNPATH_SEARCH_PATHS = (
					"$(inherited)",
					"@executable_path/Frameworks",
				);
				MARKETING_VERSION = 1.0;
				PRODUCT_BUNDLE_IDENTIFIER = com.sukhaman.SwiftUIAnimation;
				PRODUCT_NAME = "$(TARGET_NAME)";
				SWIFT_EMIT_LOC_STRINGS = YES;
				SWIFT_VERSION = 5.0;
				TARGETED_DEVICE_FAMILY = "1,2";
			};
			name = Debug;
		};
		A2CF2F432CC1831B00912E43 /* Release */ = {
			isa = XCBuildConfiguration;
			buildSettings = {
				ASSETCATALOG_COMPILER_APPICON_NAME = AppIcon;
				ASSETCATALOG_COMPILER_GLOBAL_ACCENT_COLOR_NAME = AccentColor;
				CODE_SIGN_STYLE = Automatic;
				CURRENT_PROJECT_VERSION = 1;
				DEVELOPMENT_ASSET_PATHS = "\"SwiftUIAnimation/Preview Content\"";
				DEVELOPMENT_TEAM = A5T33ABXDL;
				ENABLE_PREVIEWS = YES;
				GENERATE_INFOPLIST_FILE = YES;
				INFOPLIST_KEY_UIApplicationSceneManifest_Generation = YES;
				INFOPLIST_KEY_UIApplicationSupportsIndirectInputEvents = YES;
				INFOPLIST_KEY_UILaunchScreen_Generation = YES;
				INFOPLIST_KEY_UISupportedInterfaceOrientations_iPad = "UIInterfaceOrientationPortrait UIInterfaceOrientationPortraitUpsideDown UIInterfaceOrientationLandscapeLeft UIInterfaceOrientationLandscapeRight";
				INFOPLIST_KEY_UISupportedInterfaceOrientations_iPhone = "UIInterfaceOrientationPortrait UIInterfaceOrientationLandscapeLeft UIInterfaceOrientationLandscapeRight";
				LD_RUNPATH_SEARCH_PATHS = (
					"$(inherited)",
					"@executable_path/Frameworks",
				);
				MARKETING_VERSION = 1.0;
				PRODUCT_BUNDLE_IDENTIFIER = com.sukhaman.SwiftUIAnimation;
				PRODUCT_NAME = "$(TARGET_NAME)";
				SWIFT_EMIT_LOC_STRINGS = YES;
				SWIFT_VERSION = 5.0;
				TARGETED_DEVICE_FAMILY = "1,2";
			};
			name = Release;
		};
		A2CF2F452CC1831B00912E43 /* Debug */ = {
			isa = XCBuildConfiguration;
			buildSettings = {
				BUNDLE_LOADER = "$(TEST_HOST)";
				CODE_SIGN_STYLE = Automatic;
				CURRENT_PROJECT_VERSION = 1;
				DEVELOPMENT_TEAM = A5T33ABXDL;
				GENERATE_INFOPLIST_FILE = YES;
				IPHONEOS_DEPLOYMENT_TARGET = 18.0;
				MARKETING_VERSION = 1.0;
				PRODUCT_BUNDLE_IDENTIFIER = com.sukhaman.SwiftUIAnimationTests;
				PRODUCT_NAME = "$(TARGET_NAME)";
				SWIFT_EMIT_LOC_STRINGS = NO;
				SWIFT_VERSION = 5.0;
				TARGETED_DEVICE_FAMILY = "1,2";
				TEST_HOST = "$(BUILT_PRODUCTS_DIR)/SwiftUIAnimation.app/$(BUNDLE_EXECUTABLE_FOLDER_PATH)/SwiftUIAnimation";
			};
			name = Debug;
		};
		A2CF2F462CC1831B00912E43 /* Release */ = {
			isa = XCBuildConfiguration;
			buildSettings = {
				BUNDLE_LOADER = "$(TEST_HOST)";
				CODE_SIGN_STYLE = Automatic;
				CURRENT_PROJECT_VERSION = 1;
				DEVELOPMENT_TEAM = A5T33ABXDL;
				GENERATE_INFOPLIST_FILE = YES;
				IPHONEOS_DEPLOYMENT_TARGET = 18.0;
				MARKETING_VERSION = 1.0;
				PRODUCT_BUNDLE_IDENTIFIER = com.sukhaman.SwiftUIAnimationTests;
				PRODUCT_NAME = "$(TARGET_NAME)";
				SWIFT_EMIT_LOC_STRINGS = NO;
				SWIFT_VERSION = 5.0;
				TARGETED_DEVICE_FAMILY = "1,2";
				TEST_HOST = "$(BUILT_PRODUCTS_DIR)/SwiftUIAnimation.app/$(BUNDLE_EXECUTABLE_FOLDER_PATH)/SwiftUIAnimation";
			};
			name = Release;
		};
		A2CF2F482CC1831B00912E43 /* Debug */ = {
			isa = XCBuildConfiguration;
			buildSettings = {
				CODE_SIGN_STYLE = Automatic;
				CURRENT_PROJECT_VERSION = 1;
				DEVELOPMENT_TEAM = A5T33ABXDL;
				GENERATE_INFOPLIST_FILE = YES;
				MARKETING_VERSION = 1.0;
				PRODUCT_BUNDLE_IDENTIFIER = com.sukhaman.SwiftUIAnimationUITests;
				PRODUCT_NAME = "$(TARGET_NAME)";
				SWIFT_EMIT_LOC_STRINGS = NO;
				SWIFT_VERSION = 5.0;
				TARGETED_DEVICE_FAMILY = "1,2";
				TEST_TARGET_NAME = SwiftUIAnimation;
			};
			name = Debug;
		};
		A2CF2F492CC1831B00912E43 /* Release */ = {
			isa = XCBuildConfiguration;
			buildSettings = {
				CODE_SIGN_STYLE = Automatic;
				CURRENT_PROJECT_VERSION = 1;
				DEVELOPMENT_TEAM = A5T33ABXDL;
				GENERATE_INFOPLIST_FILE = YES;
				MARKETING_VERSION = 1.0;
				PRODUCT_BUNDLE_IDENTIFIER = com.sukhaman.SwiftUIAnimationUITests;
				PRODUCT_NAME = "$(TARGET_NAME)";
				SWIFT_EMIT_LOC_STRINGS = NO;
				SWIFT_VERSION = 5.0;
				TARGETED_DEVICE_FAMILY = "1,2";
				TEST_TARGET_NAME = SwiftUIAnimation;
			};
			name = Release;
		};
/* End XCBuildConfiguration section */

/* Begin XCConfigurationList section */
		A2CF2F182CC1831700912E43 /* Build configuration list for PBXProject "SwiftUIAnimation" */ = {
			isa = XCConfigurationList;
			buildConfigurations = (
				A2CF2F3F2CC1831B00912E43 /* Debug */,
				A2CF2F402CC1831B00912E43 /* Release */,
			);
			defaultConfigurationIsVisible = 0;
			defaultConfigurationName = Release;
		};
		A2CF2F412CC1831B00912E43 /* Build configuration list for PBXNativeTarget "SwiftUIAnimation" */ = {
			isa = XCConfigurationList;
			buildConfigurations = (
				A2CF2F422CC1831B00912E43 /* Debug */,
				A2CF2F432CC1831B00912E43 /* Release */,
			);
			defaultConfigurationIsVisible = 0;
			defaultConfigurationName = Release;
		};
		A2CF2F442CC1831B00912E43 /* Build configuration list for PBXNativeTarget "SwiftUIAnimationTests" */ = {
			isa = XCConfigurationList;
			buildConfigurations = (
				A2CF2F452CC1831B00912E43 /* Debug */,
				A2CF2F462CC1831B00912E43 /* Release */,
			);
			defaultConfigurationIsVisible = 0;
			defaultConfigurationName = Release;
		};
		A2CF2F472CC1831B00912E43 /* Build configuration list for PBXNativeTarget "SwiftUIAnimationUITests" */ = {
			isa = XCConfigurationList;
			buildConfigurations = (
				A2CF2F482CC1831B00912E43 /* Debug */,
				A2CF2F492CC1831B00912E43 /* Release */,
			);
			defaultConfigurationIsVisible = 0;
			defaultConfigurationName = Release;
		};
/* End XCConfigurationList section */
	};
	rootObject = A2CF2F152CC1831700912E43 /* Project object */;
}
